
Microsoft Visual Studio Solution File, Format Version 12.00
# Visual Studio 14
VisualStudioVersion = 14.0.23107.0
MinimumVisualStudioVersion = 10.0.40219.1
Project("{FAE04EC0-301F-11D3-BF4B-00C04F79EFBC}") = "DSMTMALL", "DSMTMALL\DSMTMALL.csproj", "{B84E6960-87C7-45A5-93DB-50FEA3ABE153}"
EndProject
Project("{2150E333-8FDC-42A3-9474-1A3956D46DE8}") = "DSMTMALL.Core", "DSMTMALL.Core", "{0F23C508-3E1A-44FE-A1B1-A37F5CCEC112}"
EndProject
Project("{FAE04EC0-301F-11D3-BF4B-00C04F79EFBC}") = "DSMTMALL.Core.Common", "DSMTMALL.Core.Common\DSMTMALL.Core.Common.csproj", "{D43E5206-7A2E-459F-8B84-D4BBD00E1E50}"
EndProject
Project("{2150E333-8FDC-42A3-9474-1A3956D46DE8}") = "DSMTMALL.DB", "DSMTMALL.DB", "{F4596A91-3D0E-4B0A-8028-562651CA5209}"
EndProject
Project("{FAE04EC0-301F-11D3-BF4B-00C04F79EFBC}") = "DSMTMALL.DB.BLL", "DSMTMALL.DB.BLL\DSMTMALL.DB.BLL.csproj", "{9A8F2F9F-EADD-40AB-8A5E-4A65B92ECDFA}"
EndProject
Project("{FAE04EC0-301F-11D3-BF4B-00C04F79EFBC}") = "DSMTMALL.DB.DALFactory", "DSMTMALL.DB.DALFactory\DSMTMALL.DB.DALFactory.csproj", "{0A0D526A-0BB8-4FA6-8CCF-46FEB5E42F8D}"
EndProject
Project("{FAE04EC0-301F-11D3-BF4B-00C04F79EFBC}") = "DSMTMALL.DB.IDAL", "DSMTMALL.DB.IDAL\DSMTMALL.DB.IDAL.csproj", "{620B5CB2-D26E-4D2F-86AE-6EA687257606}"
EndProject
Project("{FAE04EC0-301F-11D3-BF4B-00C04F79EFBC}") = "DSMTMALL.DB.Model", "DSMTMALL.DB.Model\DSMTMALL.DB.Model.csproj", "{01C13F4C-964B-4F7D-9CFC-4EEF87E52105}"
EndProject
Project("{FAE04EC0-301F-11D3-BF4B-00C04F79EFBC}") = "DSMTMALL.DB.MySQLDAL", "DSMTMALL.DB.MySQLDAL\DSMTMALL.DB.MySQLDAL.csproj", "{2CEE94A1-69BA-45FE-BD64-16ABF376EE77}"
EndProject
Project("{FAE04EC0-301F-11D3-BF4B-00C04F79EFBC}") = "DSMTMALL.BACKMAG", "DSMTMALL.BACKMAG\DSMTMALL.BACKMAG.csproj", "{ABFD061F-4136-4FCC-9A1D-0EA412D94EE7}"
EndProject
Project("{FAE04EC0-301F-11D3-BF4B-00C04F79EFBC}") = "MallHandler", "MallHandler\MallHandler.csproj", "{3A9A1321-9F0E-4A84-992B-661124C541DE}"
EndProject
Project("{FAE04EC0-301F-11D3-BF4B-00C04F79EFBC}") = "DSMTMALL.WebAPI", "DSMTMALL.WebAPI\DSMTMALL.WebAPI.csproj", "{27E899C5-866E-4F49-AC5E-9DBAA8EFA271}"
EndProject
Global
	GlobalSection(SolutionConfigurationPlatforms) = preSolution
		Debug|Any CPU = Debug|Any CPU
		Release|Any CPU = Release|Any CPU
	EndGlobalSection
	GlobalSection(ProjectConfigurationPlatforms) = postSolution
		{B84E6960-87C7-45A5-93DB-50FEA3ABE153}.Debug|Any CPU.ActiveCfg = Debug|Any CPU
		{B84E6960-87C7-45A5-93DB-50FEA3ABE153}.Debug|Any CPU.Build.0 = Debug|Any CPU
		{B84E6960-87C7-45A5-93DB-50FEA3ABE153}.Release|Any CPU.ActiveCfg = Release|Any CPU
		{B84E6960-87C7-45A5-93DB-50FEA3ABE153}.Release|Any CPU.Build.0 = Release|Any CPU
		{D43E5206-7A2E-459F-8B84-D4BBD00E1E50}.Debug|Any CPU.ActiveCfg = Debug|Any CPU
		{D43E5206-7A2E-459F-8B84-D4BBD00E1E50}.Debug|Any CPU.Build.0 = Debug|Any CPU
		{D43E5206-7A2E-459F-8B84-D4BBD00E1E50}.Release|Any CPU.ActiveCfg = Release|Any CPU
		{D43E5206-7A2E-459F-8B84-D4BBD00E1E50}.Release|Any CPU.Build.0 = Release|Any CPU
		{9A8F2F9F-EADD-40AB-8A5E-4A65B92ECDFA}.Debug|Any CPU.ActiveCfg = Debug|Any CPU
		{9A8F2F9F-EADD-40AB-8A5E-4A65B92ECDFA}.Debug|Any CPU.Build.0 = Debug|Any CPU
		{9A8F2F9F-EADD-40AB-8A5E-4A65B92ECDFA}.Release|Any CPU.ActiveCfg = Release|Any CPU
		{9A8F2F9F-EADD-40AB-8A5E-4A65B92ECDFA}.Release|Any CPU.Build.0 = Release|Any CPU
		{0A0D526A-0BB8-4FA6-8CCF-46FEB5E42F8D}.Debug|Any CPU.ActiveCfg = Debug|Any CPU
		{0A0D526A-0BB8-4FA6-8CCF-46FEB5E42F8D}.Debug|Any CPU.Build.0 = Debug|Any CPU
		{0A0D526A-0BB8-4FA6-8CCF-46FEB5E42F8D}.Release|Any CPU.ActiveCfg = Release|Any CPU
		{0A0D526A-0BB8-4FA6-8CCF-46FEB5E42F8D}.Release|Any CPU.Build.0 = Release|Any CPU
		{620B5CB2-D26E-4D2F-86AE-6EA687257606}.Debug|Any CPU.ActiveCfg = Debug|Any CPU
		{620B5CB2-D26E-4D2F-86AE-6EA687257606}.Debug|Any CPU.Build.0 = Debug|Any CPU
		{620B5CB2-D26E-4D2F-86AE-6EA687257606}.Release|Any CPU.ActiveCfg = Release|Any CPU
		{620B5CB2-D26E-4D2F-86AE-6EA687257606}.Release|Any CPU.Build.0 = Release|Any CPU
		{01C13F4C-964B-4F7D-9CFC-4EEF87E52105}.Debug|Any CPU.ActiveCfg = Debug|Any CPU
		{01C13F4C-964B-4F7D-9CFC-4EEF87E52105}.Debug|Any CPU.Build.0 = Debug|Any CPU
		{01C13F4C-964B-4F7D-9CFC-4EEF87E52105}.Release|Any CPU.ActiveCfg = Release|Any CPU
		{01C13F4C-964B-4F7D-9CFC-4EEF87E52105}.Release|Any CPU.Build.0 = Release|Any CPU
		{2CEE94A1-69BA-45FE-BD64-16ABF376EE77}.Debug|Any CPU.ActiveCfg = Debug|Any CPU
		{2CEE94A1-69BA-45FE-BD64-16ABF376EE77}.Debug|Any CPU.Build.0 = Debug|Any CPU
		{2CEE94A1-69BA-45FE-BD64-16ABF376EE77}.Release|Any CPU.ActiveCfg = Release|Any CPU
		{2CEE94A1-69BA-45FE-BD64-16ABF376EE77}.Release|Any CPU.Build.0 = Release|Any CPU
		{ABFD061F-4136-4FCC-9A1D-0EA412D94EE7}.Debug|Any CPU.ActiveCfg = Debug|Any CPU
		{ABFD061F-4136-4FCC-9A1D-0EA412D94EE7}.Debug|Any CPU.Build.0 = Debug|Any CPU
		{ABFD061F-4136-4FCC-9A1D-0EA412D94EE7}.Release|Any CPU.ActiveCfg = Release|Any CPU
		{ABFD061F-4136-4FCC-9A1D-0EA412D94EE7}.Release|Any CPU.Build.0 = Release|Any CPU
		{3A9A1321-9F0E-4A84-992B-661124C541DE}.Debug|Any CPU.ActiveCfg = Debug|Any CPU
		{3A9A1321-9F0E-4A84-992B-661124C541DE}.Debug|Any CPU.Build.0 = Debug|Any CPU
		{3A9A1321-9F0E-4A84-992B-661124C541DE}.Release|Any CPU.ActiveCfg = Release|Any CPU
		{3A9A1321-9F0E-4A84-992B-661124C541DE}.Release|Any CPU.Build.0 = Release|Any CPU
		{27E899C5-866E-4F49-AC5E-9DBAA8EFA271}.Debug|Any CPU.ActiveCfg = Debug|Any CPU
		{27E899C5-866E-4F49-AC5E-9DBAA8EFA271}.Debug|Any CPU.Build.0 = Debug|Any CPU
		{27E899C5-866E-4F49-AC5E-9DBAA8EFA271}.Release|Any CPU.ActiveCfg = Release|Any CPU
		{27E899C5-866E-4F49-AC5E-9DBAA8EFA271}.Release|Any CPU.Build.0 = Release|Any CPU
	EndGlobalSection
	GlobalSection(SolutionProperties) = preSolution
		HideSolutionNode = FALSE
	EndGlobalSection
	GlobalSection(NestedProjects) = preSolution
		{D43E5206-7A2E-459F-8B84-D4BBD00E1E50} = {0F23C508-3E1A-44FE-A1B1-A37F5CCEC112}
		{9A8F2F9F-EADD-40AB-8A5E-4A65B92ECDFA} = {F4596A91-3D0E-4B0A-8028-562651CA5209}
		{0A0D526A-0BB8-4FA6-8CCF-46FEB5E42F8D} = {F4596A91-3D0E-4B0A-8028-562651CA5209}
		{620B5CB2-D26E-4D2F-86AE-6EA687257606} = {F4596A91-3D0E-4B0A-8028-562651CA5209}
		{01C13F4C-964B-4F7D-9CFC-4EEF87E52105} = {F4596A91-3D0E-4B0A-8028-562651CA5209}
		{2CEE94A1-69BA-45FE-BD64-16ABF376EE77} = {F4596A91-3D0E-4B0A-8028-562651CA5209}
	EndGlobalSection
EndGlobal
